
Microsoft Visual Studio Solution File, Format Version 12.00
# Visual Studio Version 16
VisualStudioVersion = 16.0.29411.108
MinimumVisualStudioVersion = 10.0.40219.1
Project("{9A19103F-16F7-4668-BE54-9A1E7A4F7556}") = "MOBoard.Web", "MOBoard\MOBoard.Web.csproj", "{E0305C63-51B2-4B28-BE18-DD7C23948580}"
EndProject
Project("{9A19103F-16F7-4668-BE54-9A1E7A4F7556}") = "MOBoard.Common", "MOBoard.Common\MOBoard.Common.csproj", "{BE1837BC-DBA6-4AAD-B215-C222D2BA7583}"
EndProject
Project("{9A19103F-16F7-4668-BE54-9A1E7A4F7556}") = "MOBoard.Issues.Read", "MOBoard.Issues.Read\MOBoard.Issues.Read.csproj", "{A28A7D0F-B1AC-4A31-B102-57BFC747A300}"
EndProject
Project("{9A19103F-16F7-4668-BE54-9A1E7A4F7556}") = "MOBoard.Issues.Write", "MOBoard.Issues.Write\MOBoard.Issues.Write.csproj", "{B312060F-9F1C-477D-8EBF-BFE11F88F46B}"
EndProject
Project("{9A19103F-16F7-4668-BE54-9A1E7A4F7556}") = "MOBoard.Auth.Users.Write", "MOBoard.Auth.Users.Write\MOBoard.Auth.Users.Write.csproj", "{9737EB10-BFDF-471E-800B-5C50DDC4D669}"
EndProject
Project("{2150E333-8FDC-42A3-9474-1A3956D46DE8}") = "MOBoard.Auth", "MOBoard.Auth", "{F7887A08-F10F-4BA5-8ADC-1B677BB683ED}"
EndProject
Project("{9A19103F-16F7-4668-BE54-9A1E7A4F7556}") = "MOBoard.Auth.Users.Read", "MOBoard.Auth.Users.Read\MOBoard.Auth.Users.Read.csproj", "{5FD5770E-2F84-404C-8AAD-E096B8752CE7}"
EndProject
Project("{9A19103F-16F7-4668-BE54-9A1E7A4F7556}") = "MOBoard.Board.Write", "MOBoard.Board.Write\MOBoard.Board.Write.csproj", "{D9C002C5-93F2-43CD-99D9-8E28975BE2C3}"
EndProject
Project("{9A19103F-16F7-4668-BE54-9A1E7A4F7556}") = "MOBoard.Board.Read", "MOBoard.Board.Read\MOBoard.Board.Read.csproj", "{8B02F3FA-FA4F-49FA-8F72-FDD1D4E491A7}"
EndProject
Project("{2150E333-8FDC-42A3-9474-1A3956D46DE8}") = "MOBoard.Tests", "MOBoard.Tests", "{E903EB8F-F5A7-46A0-8769-C5E4B7362DE3}"
EndProject
Project("{9A19103F-16F7-4668-BE54-9A1E7A4F7556}") = "MOBoard.UnitTests", "UnitTests\MOBoard.UnitTests.csproj", "{2A50B11F-80D5-41D6-B756-BEA8BDDDE7F4}"
EndProject
Project("{9A19103F-16F7-4668-BE54-9A1E7A4F7556}") = "MOBoard.Write.Project", "MOBoard.Write.Project\MOBoard.Write.Project.csproj", "{C4427572-525D-438A-9785-9D4BB05AA829}"
EndProject
Project("{9A19103F-16F7-4668-BE54-9A1E7A4F7556}") = "MOBoard.Read.Project", "MOBoard.Read.Project\MOBoard.Read.Project.csproj", "{DE5DEDF3-1858-492B-B818-E8D0C0666283}"
EndProject
Project("{FAE04EC0-301F-11D3-BF4B-00C04F79EFBC}") = "MOBoard.Tests.Common", "MOBoard.Tests.Common\MOBoard.Tests.Common.csproj", "{B3141201-3B22-4026-89BD-48EA1F3752D9}"
EndProject
Project("{FAE04EC0-301F-11D3-BF4B-00C04F79EFBC}") = "MOBoard.Tests.Commands", "MOBoard.Tests.Commands\MOBoard.Tests.Commands.csproj", "{A527D298-53B3-4A44-B847-221580BACE9B}"
EndProject
Global
	GlobalSection(SolutionConfigurationPlatforms) = preSolution
		Debug|Any CPU = Debug|Any CPU
		Release|Any CPU = Release|Any CPU
	EndGlobalSection
	GlobalSection(ProjectConfigurationPlatforms) = postSolution
		{E0305C63-51B2-4B28-BE18-DD7C23948580}.Debug|Any CPU.ActiveCfg = Debug|Any CPU
		{E0305C63-51B2-4B28-BE18-DD7C23948580}.Debug|Any CPU.Build.0 = Debug|Any CPU
		{E0305C63-51B2-4B28-BE18-DD7C23948580}.Release|Any CPU.ActiveCfg = Release|Any CPU
		{E0305C63-51B2-4B28-BE18-DD7C23948580}.Release|Any CPU.Build.0 = Release|Any CPU
		{BE1837BC-DBA6-4AAD-B215-C222D2BA7583}.Debug|Any CPU.ActiveCfg = Debug|Any CPU
		{BE1837BC-DBA6-4AAD-B215-C222D2BA7583}.Debug|Any CPU.Build.0 = Debug|Any CPU
		{BE1837BC-DBA6-4AAD-B215-C222D2BA7583}.Release|Any CPU.ActiveCfg = Release|Any CPU
		{BE1837BC-DBA6-4AAD-B215-C222D2BA7583}.Release|Any CPU.Build.0 = Release|Any CPU
		{A28A7D0F-B1AC-4A31-B102-57BFC747A300}.Debug|Any CPU.ActiveCfg = Debug|Any CPU
		{A28A7D0F-B1AC-4A31-B102-57BFC747A300}.Debug|Any CPU.Build.0 = Debug|Any CPU
		{A28A7D0F-B1AC-4A31-B102-57BFC747A300}.Release|Any CPU.ActiveCfg = Release|Any CPU
		{A28A7D0F-B1AC-4A31-B102-57BFC747A300}.Release|Any CPU.Build.0 = Release|Any CPU
		{B312060F-9F1C-477D-8EBF-BFE11F88F46B}.Debug|Any CPU.ActiveCfg = Debug|Any CPU
		{B312060F-9F1C-477D-8EBF-BFE11F88F46B}.Debug|Any CPU.Build.0 = Debug|Any CPU
		{B312060F-9F1C-477D-8EBF-BFE11F88F46B}.Release|Any CPU.ActiveCfg = Release|Any CPU
		{B312060F-9F1C-477D-8EBF-BFE11F88F46B}.Release|Any CPU.Build.0 = Release|Any CPU
		{9737EB10-BFDF-471E-800B-5C50DDC4D669}.Debug|Any CPU.ActiveCfg = Debug|Any CPU
		{9737EB10-BFDF-471E-800B-5C50DDC4D669}.Debug|Any CPU.Build.0 = Debug|Any CPU
		{9737EB10-BFDF-471E-800B-5C50DDC4D669}.Release|Any CPU.ActiveCfg = Release|Any CPU
		{9737EB10-BFDF-471E-800B-5C50DDC4D669}.Release|Any CPU.Build.0 = Release|Any CPU
		{5FD5770E-2F84-404C-8AAD-E096B8752CE7}.Debug|Any CPU.ActiveCfg = Debug|Any CPU
		{5FD5770E-2F84-404C-8AAD-E096B8752CE7}.Debug|Any CPU.Build.0 = Debug|Any CPU
		{5FD5770E-2F84-404C-8AAD-E096B8752CE7}.Release|Any CPU.ActiveCfg = Release|Any CPU
		{5FD5770E-2F84-404C-8AAD-E096B8752CE7}.Release|Any CPU.Build.0 = Release|Any CPU
		{D9C002C5-93F2-43CD-99D9-8E28975BE2C3}.Debug|Any CPU.ActiveCfg = Debug|Any CPU
		{D9C002C5-93F2-43CD-99D9-8E28975BE2C3}.Debug|Any CPU.Build.0 = Debug|Any CPU
		{D9C002C5-93F2-43CD-99D9-8E28975BE2C3}.Release|Any CPU.ActiveCfg = Release|Any CPU
		{D9C002C5-93F2-43CD-99D9-8E28975BE2C3}.Release|Any CPU.Build.0 = Release|Any CPU
		{8B02F3FA-FA4F-49FA-8F72-FDD1D4E491A7}.Debug|Any CPU.ActiveCfg = Debug|Any CPU
		{8B02F3FA-FA4F-49FA-8F72-FDD1D4E491A7}.Debug|Any CPU.Build.0 = Debug|Any CPU
		{8B02F3FA-FA4F-49FA-8F72-FDD1D4E491A7}.Release|Any CPU.ActiveCfg = Release|Any CPU
		{8B02F3FA-FA4F-49FA-8F72-FDD1D4E491A7}.Release|Any CPU.Build.0 = Release|Any CPU
		{2A50B11F-80D5-41D6-B756-BEA8BDDDE7F4}.Debug|Any CPU.ActiveCfg = Debug|Any CPU
		{2A50B11F-80D5-41D6-B756-BEA8BDDDE7F4}.Debug|Any CPU.Build.0 = Debug|Any CPU
		{2A50B11F-80D5-41D6-B756-BEA8BDDDE7F4}.Release|Any CPU.ActiveCfg = Release|Any CPU
		{2A50B11F-80D5-41D6-B756-BEA8BDDDE7F4}.Release|Any CPU.Build.0 = Release|Any CPU
		{C4427572-525D-438A-9785-9D4BB05AA829}.Debug|Any CPU.ActiveCfg = Debug|Any CPU
		{C4427572-525D-438A-9785-9D4BB05AA829}.Debug|Any CPU.Build.0 = Debug|Any CPU
		{C4427572-525D-438A-9785-9D4BB05AA829}.Release|Any CPU.ActiveCfg = Release|Any CPU
		{C4427572-525D-438A-9785-9D4BB05AA829}.Release|Any CPU.Build.0 = Release|Any CPU
		{DE5DEDF3-1858-492B-B818-E8D0C0666283}.Debug|Any CPU.ActiveCfg = Debug|Any CPU
		{DE5DEDF3-1858-492B-B818-E8D0C0666283}.Debug|Any CPU.Build.0 = Debug|Any CPU
		{DE5DEDF3-1858-492B-B818-E8D0C0666283}.Release|Any CPU.ActiveCfg = Release|Any CPU
		{DE5DEDF3-1858-492B-B818-E8D0C0666283}.Release|Any CPU.Build.0 = Release|Any CPU
		{B3141201-3B22-4026-89BD-48EA1F3752D9}.Debug|Any CPU.ActiveCfg = Debug|Any CPU
		{B3141201-3B22-4026-89BD-48EA1F3752D9}.Debug|Any CPU.Build.0 = Debug|Any CPU
		{B3141201-3B22-4026-89BD-48EA1F3752D9}.Release|Any CPU.ActiveCfg = Release|Any CPU
		{B3141201-3B22-4026-89BD-48EA1F3752D9}.Release|Any CPU.Build.0 = Release|Any CPU
		{A527D298-53B3-4A44-B847-221580BACE9B}.Debug|Any CPU.ActiveCfg = Debug|Any CPU
		{A527D298-53B3-4A44-B847-221580BACE9B}.Debug|Any CPU.Build.0 = Debug|Any CPU
		{A527D298-53B3-4A44-B847-221580BACE9B}.Release|Any CPU.ActiveCfg = Release|Any CPU
		{A527D298-53B3-4A44-B847-221580BACE9B}.Release|Any CPU.Build.0 = Release|Any CPU
	EndGlobalSection
	GlobalSection(SolutionProperties) = preSolution
		HideSolutionNode = FALSE
	EndGlobalSection
	GlobalSection(NestedProjects) = preSolution
		{9737EB10-BFDF-471E-800B-5C50DDC4D669} = {F7887A08-F10F-4BA5-8ADC-1B677BB683ED}
		{5FD5770E-2F84-404C-8AAD-E096B8752CE7} = {F7887A08-F10F-4BA5-8ADC-1B677BB683ED}
		{2A50B11F-80D5-41D6-B756-BEA8BDDDE7F4} = {E903EB8F-F5A7-46A0-8769-C5E4B7362DE3}
		{B3141201-3B22-4026-89BD-48EA1F3752D9} = {E903EB8F-F5A7-46A0-8769-C5E4B7362DE3}
		{A527D298-53B3-4A44-B847-221580BACE9B} = {E903EB8F-F5A7-46A0-8769-C5E4B7362DE3}
	EndGlobalSection
	GlobalSection(ExtensibilityGlobals) = postSolution
		SolutionGuid = {77CD42D7-AA62-4882-AC87-3B15F254C2E7}
	EndGlobalSection
EndGlobal
